// !$*UTF8*$!
{
	archiveVersion = 1;
	classes = {
	};
	objectVersion = 51;
	objects = {

/* Begin PBXBuildFile section */
		6B70DE3548B1A68F21FF9598 /* Pods_MetroNewsTask.framework in Frameworks */ = {isa = PBXBuildFile; fileRef = A5C52216CDD5DAF291226145 /* Pods_MetroNewsTask.framework */; };
		E81B4F23263783AB00DE6F17 /* MetroLogoView.xib in Resources */ = {isa = PBXBuildFile; fileRef = E81B4F21263783AB00DE6F17 /* MetroLogoView.xib */; };
		E81B4F24263783AB00DE6F17 /* MetroLogoView.swift in Sources */ = {isa = PBXBuildFile; fileRef = E81B4F22263783AB00DE6F17 /* MetroLogoView.swift */; };
		E81B4F2C26378C1400DE6F17 /* OfficialAccountHeaderTableView.swift in Sources */ = {isa = PBXBuildFile; fileRef = E81B4F2B26378C1400DE6F17 /* OfficialAccountHeaderTableView.swift */; };
		E81B4F32263799E700DE6F17 /* LoadingTableViewCell.swift in Sources */ = {isa = PBXBuildFile; fileRef = E81B4F31263799E700DE6F17 /* LoadingTableViewCell.swift */; };
		E8E0E1B02635CDF40078729A /* AppDelegate.swift in Sources */ = {isa = PBXBuildFile; fileRef = E8E0E1AF2635CDF40078729A /* AppDelegate.swift */; };
		E8E0E1B42635CDF40078729A /* NewsViewController.swift in Sources */ = {isa = PBXBuildFile; fileRef = E8E0E1B32635CDF40078729A /* NewsViewController.swift */; };
		E8E0E1B92635CDF50078729A /* Assets.xcassets in Resources */ = {isa = PBXBuildFile; fileRef = E8E0E1B82635CDF50078729A /* Assets.xcassets */; };
		E8E0E1BC2635CDF50078729A /* LaunchScreen.storyboard in Resources */ = {isa = PBXBuildFile; fileRef = E8E0E1BA2635CDF50078729A /* LaunchScreen.storyboard */; };
		E8E0E1CF2635D2830078729A /* UIColor+Ext.swift in Sources */ = {isa = PBXBuildFile; fileRef = E8E0E1CE2635D2830078729A /* UIColor+Ext.swift */; };
		E8E0E1D32635D2C10078729A /* ConfigurableView.swift in Sources */ = {isa = PBXBuildFile; fileRef = E8E0E1D22635D2C10078729A /* ConfigurableView.swift */; };
		E8E0E1DE2635D38C0078729A /* Constants.swift in Sources */ = {isa = PBXBuildFile; fileRef = E8E0E1DD2635D38C0078729A /* Constants.swift */; };
		E8E0E1E22635D3A40078729A /* Colors.swift in Sources */ = {isa = PBXBuildFile; fileRef = E8E0E1E12635D3A40078729A /* Colors.swift */; };
		E8E0E1E82635DF9A0078729A /* LoadingTableViewCell.xib in Resources */ = {isa = PBXBuildFile; fileRef = E8E0E1E62635DF9A0078729A /* LoadingTableViewCell.xib */; };
		E8E0E1EE2635DFD90078729A /* ErrorTableViewCell.swift in Sources */ = {isa = PBXBuildFile; fileRef = E8E0E1EC2635DFD90078729A /* ErrorTableViewCell.swift */; };
		E8E0E1EF2635DFD90078729A /* ErrorTableViewCell.xib in Resources */ = {isa = PBXBuildFile; fileRef = E8E0E1ED2635DFD90078729A /* ErrorTableViewCell.xib */; };
		E8E0E1F52635E01B0078729A /* TweetTableViewCell.swift in Sources */ = {isa = PBXBuildFile; fileRef = E8E0E1F32635E01B0078729A /* TweetTableViewCell.swift */; };
		E8E0E1F62635E01B0078729A /* TweetTableViewCell.xib in Resources */ = {isa = PBXBuildFile; fileRef = E8E0E1F42635E01B0078729A /* TweetTableViewCell.xib */; };
		E8E0E1FC2635E0370078729A /* TweetWithoutImageTableViewCell.swift in Sources */ = {isa = PBXBuildFile; fileRef = E8E0E1FA2635E0370078729A /* TweetWithoutImageTableViewCell.swift */; };
		E8E0E2012635E1100078729A /* NewsTableViewDataSourceDelegate.swift in Sources */ = {isa = PBXBuildFile; fileRef = E8E0E2002635E1100078729A /* NewsTableViewDataSourceDelegate.swift */; };
		E8E0E2052635E3C00078729A /* Images.swift in Sources */ = {isa = PBXBuildFile; fileRef = E8E0E2042635E3C00078729A /* Images.swift */; };
		E8E0E20A2635E5190078729A /* MetroButton.swift in Sources */ = {isa = PBXBuildFile; fileRef = E8E0E2092635E5190078729A /* MetroButton.swift */; };
		E8E0E21C2635F0610078729A /* OfficialAccountHeaderTableView.xib in Resources */ = {isa = PBXBuildFile; fileRef = E8E0E21A2635F0610078729A /* OfficialAccountHeaderTableView.xib */; };
		E8E0E21F2635F81F0078729A /* Layout.swift in Sources */ = {isa = PBXBuildFile; fileRef = E8E0E21E2635F81F0078729A /* Layout.swift */; };
		E8E0E2262635F98D0078729A /* CALayer+shadow.swift in Sources */ = {isa = PBXBuildFile; fileRef = E8E0E2252635F98D0078729A /* CALayer+shadow.swift */; };
		E8E0E231263610E80078729A /* UIView+Xib.swift in Sources */ = {isa = PBXBuildFile; fileRef = E8E0E230263610E80078729A /* UIView+Xib.swift */; };
		E8E0E23726361C360078729A /* TweetStatistics.swift in Sources */ = {isa = PBXBuildFile; fileRef = E8E0E23626361C360078729A /* TweetStatistics.swift */; };
		E8E0E23B26361C5D0078729A /* TweetStatistics.xib in Resources */ = {isa = PBXBuildFile; fileRef = E8E0E23A26361C5D0078729A /* TweetStatistics.xib */; };
		E8E0E245263623EA0078729A /* TweetWithoutImageTableViewCell.xib in Resources */ = {isa = PBXBuildFile; fileRef = E8E0E2422636230D0078729A /* TweetWithoutImageTableViewCell.xib */; };
		E8E0E26026364F640078729A /* TwitterParser.swift in Sources */ = {isa = PBXBuildFile; fileRef = E8E0E25F26364F640078729A /* TwitterParser.swift */; };
		E8E0E263263651170078729A /* TwitterNews.swift in Sources */ = {isa = PBXBuildFile; fileRef = E8E0E262263651170078729A /* TwitterNews.swift */; };
		E8E0E267263651BF0078729A /* IRequest.swift in Sources */ = {isa = PBXBuildFile; fileRef = E8E0E266263651BF0078729A /* IRequest.swift */; };
		E8E0E26B263651EB0078729A /* HTTPMethod.swift in Sources */ = {isa = PBXBuildFile; fileRef = E8E0E26A263651EA0078729A /* HTTPMethod.swift */; };
		E8E0E26E2636521E0078729A /* TweetsRequest.swift in Sources */ = {isa = PBXBuildFile; fileRef = E8E0E26D2636521E0078729A /* TweetsRequest.swift */; };
		E8E0E272263656C70078729A /* NetworkManager.swift in Sources */ = {isa = PBXBuildFile; fileRef = E8E0E271263656C70078729A /* NetworkManager.swift */; };
		E8E0E275263656F70078729A /* RequestError.swift in Sources */ = {isa = PBXBuildFile; fileRef = E8E0E274263656F70078729A /* RequestError.swift */; };
/* End PBXBuildFile section */

/* Begin PBXFileReference section */
		A5C52216CDD5DAF291226145 /* Pods_MetroNewsTask.framework */ = {isa = PBXFileReference; explicitFileType = wrapper.framework; includeInIndex = 0; path = Pods_MetroNewsTask.framework; sourceTree = BUILT_PRODUCTS_DIR; };
		D419A799D4E410CD98BC8B4D /* Pods-MetroNewsTask.debug.xcconfig */ = {isa = PBXFileReference; includeInIndex = 1; lastKnownFileType = text.xcconfig; name = "Pods-MetroNewsTask.debug.xcconfig"; path = "Target Support Files/Pods-MetroNewsTask/Pods-MetroNewsTask.debug.xcconfig"; sourceTree = "<group>"; };
		E0062F20D22C361B897A0C41 /* Pods-MetroNewsTask.release.xcconfig */ = {isa = PBXFileReference; includeInIndex = 1; lastKnownFileType = text.xcconfig; name = "Pods-MetroNewsTask.release.xcconfig"; path = "Target Support Files/Pods-MetroNewsTask/Pods-MetroNewsTask.release.xcconfig"; sourceTree = "<group>"; };
		E81B4F21263783AB00DE6F17 /* MetroLogoView.xib */ = {isa = PBXFileReference; fileEncoding = 4; lastKnownFileType = file.xib; path = MetroLogoView.xib; sourceTree = "<group>"; };
		E81B4F22263783AB00DE6F17 /* MetroLogoView.swift */ = {isa = PBXFileReference; fileEncoding = 4; lastKnownFileType = sourcecode.swift; path = MetroLogoView.swift; sourceTree = "<group>"; };
		E81B4F2B26378C1400DE6F17 /* OfficialAccountHeaderTableView.swift */ = {isa = PBXFileReference; lastKnownFileType = sourcecode.swift; path = OfficialAccountHeaderTableView.swift; sourceTree = "<group>"; };
		E81B4F31263799E700DE6F17 /* LoadingTableViewCell.swift */ = {isa = PBXFileReference; lastKnownFileType = sourcecode.swift; path = LoadingTableViewCell.swift; sourceTree = "<group>"; };
		E8E0E1AC2635CDF40078729A /* MetroNewsTask.app */ = {isa = PBXFileReference; explicitFileType = wrapper.application; includeInIndex = 0; path = MetroNewsTask.app; sourceTree = BUILT_PRODUCTS_DIR; };
		E8E0E1AF2635CDF40078729A /* AppDelegate.swift */ = {isa = PBXFileReference; lastKnownFileType = sourcecode.swift; path = AppDelegate.swift; sourceTree = "<group>"; };
		E8E0E1B32635CDF40078729A /* NewsViewController.swift */ = {isa = PBXFileReference; lastKnownFileType = sourcecode.swift; path = NewsViewController.swift; sourceTree = "<group>"; };
		E8E0E1B82635CDF50078729A /* Assets.xcassets */ = {isa = PBXFileReference; lastKnownFileType = folder.assetcatalog; path = Assets.xcassets; sourceTree = "<group>"; };
		E8E0E1BB2635CDF50078729A /* Base */ = {isa = PBXFileReference; lastKnownFileType = file.storyboard; name = Base; path = Base.lproj/LaunchScreen.storyboard; sourceTree = "<group>"; };
		E8E0E1BD2635CDF50078729A /* Info.plist */ = {isa = PBXFileReference; lastKnownFileType = text.plist.xml; path = Info.plist; sourceTree = "<group>"; };
		E8E0E1CE2635D2830078729A /* UIColor+Ext.swift */ = {isa = PBXFileReference; lastKnownFileType = sourcecode.swift; path = "UIColor+Ext.swift"; sourceTree = "<group>"; };
		E8E0E1D22635D2C10078729A /* ConfigurableView.swift */ = {isa = PBXFileReference; lastKnownFileType = sourcecode.swift; path = ConfigurableView.swift; sourceTree = "<group>"; };
		E8E0E1DD2635D38C0078729A /* Constants.swift */ = {isa = PBXFileReference; lastKnownFileType = sourcecode.swift; path = Constants.swift; sourceTree = "<group>"; };
		E8E0E1E12635D3A40078729A /* Colors.swift */ = {isa = PBXFileReference; lastKnownFileType = sourcecode.swift; path = Colors.swift; sourceTree = "<group>"; };
		E8E0E1E62635DF9A0078729A /* LoadingTableViewCell.xib */ = {isa = PBXFileReference; lastKnownFileType = file.xib; path = LoadingTableViewCell.xib; sourceTree = "<group>"; };
		E8E0E1EC2635DFD90078729A /* ErrorTableViewCell.swift */ = {isa = PBXFileReference; lastKnownFileType = sourcecode.swift; path = ErrorTableViewCell.swift; sourceTree = "<group>"; };
		E8E0E1ED2635DFD90078729A /* ErrorTableViewCell.xib */ = {isa = PBXFileReference; lastKnownFileType = file.xib; path = ErrorTableViewCell.xib; sourceTree = "<group>"; };
		E8E0E1F32635E01B0078729A /* TweetTableViewCell.swift */ = {isa = PBXFileReference; lastKnownFileType = sourcecode.swift; path = TweetTableViewCell.swift; sourceTree = "<group>"; };
		E8E0E1F42635E01B0078729A /* TweetTableViewCell.xib */ = {isa = PBXFileReference; lastKnownFileType = file.xib; path = TweetTableViewCell.xib; sourceTree = "<group>"; };
		E8E0E1FA2635E0370078729A /* TweetWithoutImageTableViewCell.swift */ = {isa = PBXFileReference; lastKnownFileType = sourcecode.swift; path = TweetWithoutImageTableViewCell.swift; sourceTree = "<group>"; };
		E8E0E2002635E1100078729A /* NewsTableViewDataSourceDelegate.swift */ = {isa = PBXFileReference; lastKnownFileType = sourcecode.swift; path = NewsTableViewDataSourceDelegate.swift; sourceTree = "<group>"; };
		E8E0E2042635E3C00078729A /* Images.swift */ = {isa = PBXFileReference; lastKnownFileType = sourcecode.swift; path = Images.swift; sourceTree = "<group>"; };
		E8E0E2092635E5190078729A /* MetroButton.swift */ = {isa = PBXFileReference; lastKnownFileType = sourcecode.swift; path = MetroButton.swift; sourceTree = "<group>"; };
		E8E0E21A2635F0610078729A /* OfficialAccountHeaderTableView.xib */ = {isa = PBXFileReference; lastKnownFileType = file.xib; path = OfficialAccountHeaderTableView.xib; sourceTree = "<group>"; };
		E8E0E21E2635F81F0078729A /* Layout.swift */ = {isa = PBXFileReference; lastKnownFileType = sourcecode.swift; path = Layout.swift; sourceTree = "<group>"; };
		E8E0E2252635F98D0078729A /* CALayer+shadow.swift */ = {isa = PBXFileReference; lastKnownFileType = sourcecode.swift; path = "CALayer+shadow.swift"; sourceTree = "<group>"; };
		E8E0E230263610E80078729A /* UIView+Xib.swift */ = {isa = PBXFileReference; lastKnownFileType = sourcecode.swift; path = "UIView+Xib.swift"; sourceTree = "<group>"; };
		E8E0E23626361C360078729A /* TweetStatistics.swift */ = {isa = PBXFileReference; lastKnownFileType = sourcecode.swift; path = TweetStatistics.swift; sourceTree = "<group>"; };
		E8E0E23A26361C5D0078729A /* TweetStatistics.xib */ = {isa = PBXFileReference; lastKnownFileType = file.xib; path = TweetStatistics.xib; sourceTree = "<group>"; };
		E8E0E2422636230D0078729A /* TweetWithoutImageTableViewCell.xib */ = {isa = PBXFileReference; lastKnownFileType = file.xib; path = TweetWithoutImageTableViewCell.xib; sourceTree = "<group>"; };
		E8E0E25F26364F640078729A /* TwitterParser.swift */ = {isa = PBXFileReference; lastKnownFileType = sourcecode.swift; path = TwitterParser.swift; sourceTree = "<group>"; };
		E8E0E262263651170078729A /* TwitterNews.swift */ = {isa = PBXFileReference; lastKnownFileType = sourcecode.swift; path = TwitterNews.swift; sourceTree = "<group>"; };
		E8E0E266263651BF0078729A /* IRequest.swift */ = {isa = PBXFileReference; lastKnownFileType = sourcecode.swift; path = IRequest.swift; sourceTree = "<group>"; };
		E8E0E26A263651EA0078729A /* HTTPMethod.swift */ = {isa = PBXFileReference; lastKnownFileType = sourcecode.swift; path = HTTPMethod.swift; sourceTree = "<group>"; };
		E8E0E26D2636521E0078729A /* TweetsRequest.swift */ = {isa = PBXFileReference; lastKnownFileType = sourcecode.swift; path = TweetsRequest.swift; sourceTree = "<group>"; };
		E8E0E271263656C70078729A /* NetworkManager.swift */ = {isa = PBXFileReference; lastKnownFileType = sourcecode.swift; path = NetworkManager.swift; sourceTree = "<group>"; };
		E8E0E274263656F70078729A /* RequestError.swift */ = {isa = PBXFileReference; lastKnownFileType = sourcecode.swift; path = RequestError.swift; sourceTree = "<group>"; };
/* End PBXFileReference section */

/* Begin PBXFrameworksBuildPhase section */
		E8E0E1A92635CDF40078729A /* Frameworks */ = {
			isa = PBXFrameworksBuildPhase;
			buildActionMask = 2147483647;
			files = (
				6B70DE3548B1A68F21FF9598 /* Pods_MetroNewsTask.framework in Frameworks */,
			);
			runOnlyForDeploymentPostprocessing = 0;
		};
/* End PBXFrameworksBuildPhase section */

/* Begin PBXGroup section */
		00844476286FD932013D3DEB /* Pods */ = {
			isa = PBXGroup;
			children = (
				D419A799D4E410CD98BC8B4D /* Pods-MetroNewsTask.debug.xcconfig */,
				E0062F20D22C361B897A0C41 /* Pods-MetroNewsTask.release.xcconfig */,
			);
			path = Pods;
			sourceTree = "<group>";
		};
		55CE5152B5E120FE8A299BCD /* Frameworks */ = {
			isa = PBXGroup;
			children = (
				A5C52216CDD5DAF291226145 /* Pods_MetroNewsTask.framework */,
			);
			name = Frameworks;
			sourceTree = "<group>";
		};
		E81B4F3426379A6900DE6F17 /* Cells */ = {
			isa = PBXGroup;
			children = (
				E8E0E1F92635E01F0078729A /* TweetWithoutImage */,
				E8E0E1F22635E00C0078729A /* Tweet */,
				E8E0E1EB2635DF9D0078729A /* Error */,
				E8E0E1E42635DF850078729A /* Loading */,
			);
			path = Cells;
			sourceTree = "<group>";
		};
		E8E0E1A32635CDF40078729A = {
			isa = PBXGroup;
			children = (
				E8E0E1AE2635CDF40078729A /* MetroNewsTask */,
				E8E0E1AD2635CDF40078729A /* Products */,
				00844476286FD932013D3DEB /* Pods */,
				55CE5152B5E120FE8A299BCD /* Frameworks */,
			);
			sourceTree = "<group>";
		};
		E8E0E1AD2635CDF40078729A /* Products */ = {
			isa = PBXGroup;
			children = (
				E8E0E1AC2635CDF40078729A /* MetroNewsTask.app */,
			);
			name = Products;
			sourceTree = "<group>";
		};
		E8E0E1AE2635CDF40078729A /* MetroNewsTask */ = {
			isa = PBXGroup;
			children = (
				E8E0E1D72635D33E0078729A /* Modules */,
				E8E0E25E26364F530078729A /* Managers */,
				E8E0E2072635E4F20078729A /* Shared */,
				E8E0E1CC2635D26F0078729A /* Supporting Files */,
			);
			path = MetroNewsTask;
			sourceTree = "<group>";
		};
		E8E0E1CC2635D26F0078729A /* Supporting Files */ = {
			isa = PBXGroup;
			children = (
				E8E0E1AF2635CDF40078729A /* AppDelegate.swift */,
				E8E0E1D22635D2C10078729A /* ConfigurableView.swift */,
				E8E0E1DC2635D36F0078729A /* Constants */,
				E8E0E1D52635D2D70078729A /* Resources */,
				E8E0E1CD2635D2770078729A /* Extensions */,
			);
			path = "Supporting Files";
			sourceTree = "<group>";
		};
		E8E0E1CD2635D2770078729A /* Extensions */ = {
			isa = PBXGroup;
			children = (
				E8E0E1CE2635D2830078729A /* UIColor+Ext.swift */,
				E8E0E2252635F98D0078729A /* CALayer+shadow.swift */,
				E8E0E230263610E80078729A /* UIView+Xib.swift */,
			);
			path = Extensions;
			sourceTree = "<group>";
		};
		E8E0E1D52635D2D70078729A /* Resources */ = {
			isa = PBXGroup;
			children = (
				E8E0E1B82635CDF50078729A /* Assets.xcassets */,
				E8E0E1BA2635CDF50078729A /* LaunchScreen.storyboard */,
				E8E0E1BD2635CDF50078729A /* Info.plist */,
			);
			path = Resources;
			sourceTree = "<group>";
		};
		E8E0E1D72635D33E0078729A /* Modules */ = {
			isa = PBXGroup;
			children = (
				E8E0E1D82635D3460078729A /* News */,
			);
			path = Modules;
			sourceTree = "<group>";
		};
		E8E0E1D82635D3460078729A /* News */ = {
			isa = PBXGroup;
			children = (
				E8E0E1DB2635D35C0078729A /* Model */,
				E8E0E1DA2635D3540078729A /* View */,
				E8E0E1D92635D34B0078729A /* Controller */,
			);
			path = News;
			sourceTree = "<group>";
		};
		E8E0E1D92635D34B0078729A /* Controller */ = {
			isa = PBXGroup;
			children = (
				E8E0E1B32635CDF40078729A /* NewsViewController.swift */,
				E8E0E2002635E1100078729A /* NewsTableViewDataSourceDelegate.swift */,
			);
			path = Controller;
			sourceTree = "<group>";
		};
		E8E0E1DA2635D3540078729A /* View */ = {
			isa = PBXGroup;
			children = (
				E81B4F3426379A6900DE6F17 /* Cells */,
				E8E0E2132635F0120078729A /* OfficialAccout */,
			);
			path = View;
			sourceTree = "<group>";
		};
		E8E0E1DB2635D35C0078729A /* Model */ = {
			isa = PBXGroup;
			children = (
				E8E0E262263651170078729A /* TwitterNews.swift */,
			);
			path = Model;
			sourceTree = "<group>";
		};
		E8E0E1DC2635D36F0078729A /* Constants */ = {
			isa = PBXGroup;
			children = (
				E8E0E1DD2635D38C0078729A /* Constants.swift */,
				E8E0E1E12635D3A40078729A /* Colors.swift */,
				E8E0E2042635E3C00078729A /* Images.swift */,
				E8E0E21E2635F81F0078729A /* Layout.swift */,
			);
			path = Constants;
			sourceTree = "<group>";
		};
		E8E0E1E42635DF850078729A /* Loading */ = {
			isa = PBXGroup;
			children = (
				E8E0E1E62635DF9A0078729A /* LoadingTableViewCell.xib */,
				E81B4F31263799E700DE6F17 /* LoadingTableViewCell.swift */,
			);
			path = Loading;
			sourceTree = "<group>";
		};
		E8E0E1EB2635DF9D0078729A /* Error */ = {
			isa = PBXGroup;
			children = (
				E8E0E1EC2635DFD90078729A /* ErrorTableViewCell.swift */,
				E8E0E1ED2635DFD90078729A /* ErrorTableViewCell.xib */,
			);
			path = Error;
			sourceTree = "<group>";
		};
		E8E0E1F22635E00C0078729A /* Tweet */ = {
			isa = PBXGroup;
			children = (
				E8E0E1F32635E01B0078729A /* TweetTableViewCell.swift */,
				E8E0E1F42635E01B0078729A /* TweetTableViewCell.xib */,
			);
			path = Tweet;
			sourceTree = "<group>";
		};
		E8E0E1F92635E01F0078729A /* TweetWithoutImage */ = {
			isa = PBXGroup;
			children = (
				E8E0E1FA2635E0370078729A /* TweetWithoutImageTableViewCell.swift */,
				E8E0E2422636230D0078729A /* TweetWithoutImageTableViewCell.xib */,
			);
			path = TweetWithoutImage;
			sourceTree = "<group>";
		};
		E8E0E2072635E4F20078729A /* Shared */ = {
			isa = PBXGroup;
			children = (
				E8E0E22926360E520078729A /* Views */,
				E8E0E2082635E4F70078729A /* Buttons */,
			);
			path = Shared;
			sourceTree = "<group>";
		};
		E8E0E2082635E4F70078729A /* Buttons */ = {
			isa = PBXGroup;
			children = (
				E8E0E2092635E5190078729A /* MetroButton.swift */,
			);
			path = Buttons;
			sourceTree = "<group>";
		};
		E8E0E2132635F0120078729A /* OfficialAccout */ = {
			isa = PBXGroup;
			children = (
				E8E0E21A2635F0610078729A /* OfficialAccountHeaderTableView.xib */,
				E81B4F2B26378C1400DE6F17 /* OfficialAccountHeaderTableView.swift */,
			);
			path = OfficialAccout;
			sourceTree = "<group>";
		};
		E8E0E22926360E520078729A /* Views */ = {
			isa = PBXGroup;
			children = (
				E8E0E234263617400078729A /* TweetStatistics */,
				E8E0E233263617360078729A /* MetroLogo */,
			);
			path = Views;
			sourceTree = "<group>";
		};
		E8E0E233263617360078729A /* MetroLogo */ = {
			isa = PBXGroup;
			children = (
				E81B4F22263783AB00DE6F17 /* MetroLogoView.swift */,
				E81B4F21263783AB00DE6F17 /* MetroLogoView.xib */,
			);
			path = MetroLogo;
			sourceTree = "<group>";
		};
		E8E0E234263617400078729A /* TweetStatistics */ = {
			isa = PBXGroup;
			children = (
				E8E0E23626361C360078729A /* TweetStatistics.swift */,
				E8E0E23A26361C5D0078729A /* TweetStatistics.xib */,
			);
			path = TweetStatistics;
			sourceTree = "<group>";
		};
		E8E0E25E26364F530078729A /* Managers */ = {
			isa = PBXGroup;
			children = (
				E8E0E2772636598B0078729A /* Parser */,
				E8E0E265263651B30078729A /* Request */,
				E8E0E271263656C70078729A /* NetworkManager.swift */,
			);
			path = Managers;
			sourceTree = "<group>";
		};
		E8E0E265263651B30078729A /* Request */ = {
			isa = PBXGroup;
			children = (
				E8E0E266263651BF0078729A /* IRequest.swift */,
				E8E0E26A263651EA0078729A /* HTTPMethod.swift */,
				E8E0E26D2636521E0078729A /* TweetsRequest.swift */,
				E8E0E274263656F70078729A /* RequestError.swift */,
			);
			path = Request;
			sourceTree = "<group>";
		};
		E8E0E2772636598B0078729A /* Parser */ = {
			isa = PBXGroup;
			children = (
				E8E0E25F26364F640078729A /* TwitterParser.swift */,
			);
			path = Parser;
			sourceTree = "<group>";
		};
/* End PBXGroup section */

/* Begin PBXNativeTarget section */
		E8E0E1AB2635CDF40078729A /* MetroNewsTask */ = {
			isa = PBXNativeTarget;
			buildConfigurationList = E8E0E1C02635CDF50078729A /* Build configuration list for PBXNativeTarget "MetroNewsTask" */;
			buildPhases = (
				3BF74E312CA3552EBDF51164 /* [CP] Check Pods Manifest.lock */,
				E8E0E1A82635CDF40078729A /* Sources */,
				E8E0E1A92635CDF40078729A /* Frameworks */,
				E8E0E1AA2635CDF40078729A /* Resources */,
				90B43EDF19906B33BCF1077B /* [CP] Embed Pods Frameworks */,
			);
			buildRules = (
			);
			dependencies = (
			);
			name = MetroNewsTask;
			productName = MetroNewsTask;
			productReference = E8E0E1AC2635CDF40078729A /* MetroNewsTask.app */;
			productType = "com.apple.product-type.application";
		};
/* End PBXNativeTarget section */

/* Begin PBXProject section */
		E8E0E1A42635CDF40078729A /* Project object */ = {
			isa = PBXProject;
			attributes = {
				LastSwiftUpdateCheck = 1240;
				LastUpgradeCheck = 1240;
				TargetAttributes = {
					E8E0E1AB2635CDF40078729A = {
						CreatedOnToolsVersion = 12.4;
					};
				};
			};
			buildConfigurationList = E8E0E1A72635CDF40078729A /* Build configuration list for PBXProject "MetroNewsTask" */;
			compatibilityVersion = "Xcode 9.3";
			developmentRegion = en;
			hasScannedForEncodings = 0;
			knownRegions = (
				en,
				Base,
			);
			mainGroup = E8E0E1A32635CDF40078729A;
			productRefGroup = E8E0E1AD2635CDF40078729A /* Products */;
			projectDirPath = "";
			projectRoot = "";
			targets = (
				E8E0E1AB2635CDF40078729A /* MetroNewsTask */,
			);
		};
/* End PBXProject section */

/* Begin PBXResourcesBuildPhase section */
		E8E0E1AA2635CDF40078729A /* Resources */ = {
			isa = PBXResourcesBuildPhase;
			buildActionMask = 2147483647;
			files = (
				E8E0E245263623EA0078729A /* TweetWithoutImageTableViewCell.xib in Resources */,
				E8E0E1F62635E01B0078729A /* TweetTableViewCell.xib in Resources */,
				E8E0E1EF2635DFD90078729A /* ErrorTableViewCell.xib in Resources */,
				E8E0E1E82635DF9A0078729A /* LoadingTableViewCell.xib in Resources */,
				E81B4F23263783AB00DE6F17 /* MetroLogoView.xib in Resources */,
				E8E0E23B26361C5D0078729A /* TweetStatistics.xib in Resources */,
				E8E0E21C2635F0610078729A /* OfficialAccountHeaderTableView.xib in Resources */,
				E8E0E1BC2635CDF50078729A /* LaunchScreen.storyboard in Resources */,
				E8E0E1B92635CDF50078729A /* Assets.xcassets in Resources */,
			);
			runOnlyForDeploymentPostprocessing = 0;
		};
/* End PBXResourcesBuildPhase section */

/* Begin PBXShellScriptBuildPhase section */
		3BF74E312CA3552EBDF51164 /* [CP] Check Pods Manifest.lock */ = {
			isa = PBXShellScriptBuildPhase;
			buildActionMask = 2147483647;
			files = (
			);
			inputFileListPaths = (
			);
			inputPaths = (
				"${PODS_PODFILE_DIR_PATH}/Podfile.lock",
				"${PODS_ROOT}/Manifest.lock",
			);
			name = "[CP] Check Pods Manifest.lock";
			outputFileListPaths = (
			);
			outputPaths = (
				"$(DERIVED_FILE_DIR)/Pods-MetroNewsTask-checkManifestLockResult.txt",
			);
			runOnlyForDeploymentPostprocessing = 0;
			shellPath = /bin/sh;
			shellScript = "diff \"${PODS_PODFILE_DIR_PATH}/Podfile.lock\" \"${PODS_ROOT}/Manifest.lock\" > /dev/null\nif [ $? != 0 ] ; then\n    # print error to STDERR\n    echo \"error: The sandbox is not in sync with the Podfile.lock. Run 'pod install' or update your CocoaPods installation.\" >&2\n    exit 1\nfi\n# This output is used by Xcode 'outputs' to avoid re-running this script phase.\necho \"SUCCESS\" > \"${SCRIPT_OUTPUT_FILE_0}\"\n";
			showEnvVarsInLog = 0;
		};
		90B43EDF19906B33BCF1077B /* [CP] Embed Pods Frameworks */ = {
			isa = PBXShellScriptBuildPhase;
			buildActionMask = 2147483647;
			files = (
			);
			inputFileListPaths = (
				"${PODS_ROOT}/Target Support Files/Pods-MetroNewsTask/Pods-MetroNewsTask-frameworks-${CONFIGURATION}-input-files.xcfilelist",
			);
			name = "[CP] Embed Pods Frameworks";
			outputFileListPaths = (
				"${PODS_ROOT}/Target Support Files/Pods-MetroNewsTask/Pods-MetroNewsTask-frameworks-${CONFIGURATION}-output-files.xcfilelist",
			);
			runOnlyForDeploymentPostprocessing = 0;
			shellPath = /bin/sh;
			shellScript = "\"${PODS_ROOT}/Target Support Files/Pods-MetroNewsTask/Pods-MetroNewsTask-frameworks.sh\"\n";
			showEnvVarsInLog = 0;
		};
/* End PBXShellScriptBuildPhase section */

/* Begin PBXSourcesBuildPhase section */
		E8E0E1A82635CDF40078729A /* Sources */ = {
			isa = PBXSourcesBuildPhase;
			buildActionMask = 2147483647;
			files = (
				E8E0E1EE2635DFD90078729A /* ErrorTableViewCell.swift in Sources */,
				E8E0E2052635E3C00078729A /* Images.swift in Sources */,
				E8E0E231263610E80078729A /* UIView+Xib.swift in Sources */,
				E8E0E1DE2635D38C0078729A /* Constants.swift in Sources */,
				E8E0E1FC2635E0370078729A /* TweetWithoutImageTableViewCell.swift in Sources */,
				E8E0E1F52635E01B0078729A /* TweetTableViewCell.swift in Sources */,
				E8E0E267263651BF0078729A /* IRequest.swift in Sources */,
				E8E0E21F2635F81F0078729A /* Layout.swift in Sources */,
				E8E0E1E22635D3A40078729A /* Colors.swift in Sources */,
				E8E0E1CF2635D2830078729A /* UIColor+Ext.swift in Sources */,
				E8E0E263263651170078729A /* TwitterNews.swift in Sources */,
				E8E0E2012635E1100078729A /* NewsTableViewDataSourceDelegate.swift in Sources */,
				E8E0E23726361C360078729A /* TweetStatistics.swift in Sources */,
				E81B4F24263783AB00DE6F17 /* MetroLogoView.swift in Sources */,
				E8E0E2262635F98D0078729A /* CALayer+shadow.swift in Sources */,
				E8E0E1D32635D2C10078729A /* ConfigurableView.swift in Sources */,
				E81B4F32263799E700DE6F17 /* LoadingTableViewCell.swift in Sources */,
				E8E0E26026364F640078729A /* TwitterParser.swift in Sources */,
				E8E0E1B42635CDF40078729A /* NewsViewController.swift in Sources */,
				E8E0E26E2636521E0078729A /* TweetsRequest.swift in Sources */,
				E8E0E1B02635CDF40078729A /* AppDelegate.swift in Sources */,
				E8E0E26B263651EB0078729A /* HTTPMethod.swift in Sources */,
				E8E0E275263656F70078729A /* RequestError.swift in Sources */,
				E81B4F2C26378C1400DE6F17 /* OfficialAccountHeaderTableView.swift in Sources */,
				E8E0E272263656C70078729A /* NetworkManager.swift in Sources */,
				E8E0E20A2635E5190078729A /* MetroButton.swift in Sources */,
			);
			runOnlyForDeploymentPostprocessing = 0;
		};
/* End PBXSourcesBuildPhase section */

/* Begin PBXVariantGroup section */
		E8E0E1BA2635CDF50078729A /* LaunchScreen.storyboard */ = {
			isa = PBXVariantGroup;
			children = (
				E8E0E1BB2635CDF50078729A /* Base */,
			);
			name = LaunchScreen.storyboard;
			sourceTree = "<group>";
		};
/* End PBXVariantGroup section */

/* Begin XCBuildConfiguration section */
		E8E0E1BE2635CDF50078729A /* Debug */ = {
			isa = XCBuildConfiguration;
			buildSettings = {
				ALWAYS_SEARCH_USER_PATHS = NO;
				CLANG_ANALYZER_NONNULL = YES;
				CLANG_ANALYZER_NUMBER_OBJECT_CONVERSION = YES_AGGRESSIVE;
				CLANG_CXX_LANGUAGE_STANDARD = "gnu++14";
				CLANG_CXX_LIBRARY = "libc++";
				CLANG_ENABLE_MODULES = YES;
				CLANG_ENABLE_OBJC_ARC = YES;
				CLANG_ENABLE_OBJC_WEAK = YES;
				CLANG_WARN_BLOCK_CAPTURE_AUTORELEASING = YES;
				CLANG_WARN_BOOL_CONVERSION = YES;
				CLANG_WARN_COMMA = YES;
				CLANG_WARN_CONSTANT_CONVERSION = YES;
				CLANG_WARN_DEPRECATED_OBJC_IMPLEMENTATIONS = YES;
				CLANG_WARN_DIRECT_OBJC_ISA_USAGE = YES_ERROR;
				CLANG_WARN_DOCUMENTATION_COMMENTS = YES;
				CLANG_WARN_EMPTY_BODY = YES;
				CLANG_WARN_ENUM_CONVERSION = YES;
				CLANG_WARN_INFINITE_RECURSION = YES;
				CLANG_WARN_INT_CONVERSION = YES;
				CLANG_WARN_NON_LITERAL_NULL_CONVERSION = YES;
				CLANG_WARN_OBJC_IMPLICIT_RETAIN_SELF = YES;
				CLANG_WARN_OBJC_LITERAL_CONVERSION = YES;
				CLANG_WARN_OBJC_ROOT_CLASS = YES_ERROR;
				CLANG_WARN_QUOTED_INCLUDE_IN_FRAMEWORK_HEADER = YES;
				CLANG_WARN_RANGE_LOOP_ANALYSIS = YES;
				CLANG_WARN_STRICT_PROTOTYPES = YES;
				CLANG_WARN_SUSPICIOUS_MOVE = YES;
				CLANG_WARN_UNGUARDED_AVAILABILITY = YES_AGGRESSIVE;
				CLANG_WARN_UNREACHABLE_CODE = YES;
				CLANG_WARN__DUPLICATE_METHOD_MATCH = YES;
				COPY_PHASE_STRIP = NO;
				DEBUG_INFORMATION_FORMAT = dwarf;
				ENABLE_STRICT_OBJC_MSGSEND = YES;
				ENABLE_TESTABILITY = YES;
				GCC_C_LANGUAGE_STANDARD = gnu11;
				GCC_DYNAMIC_NO_PIC = NO;
				GCC_NO_COMMON_BLOCKS = YES;
				GCC_OPTIMIZATION_LEVEL = 0;
				GCC_PREPROCESSOR_DEFINITIONS = (
					"DEBUG=1",
					"$(inherited)",
				);
				GCC_WARN_64_TO_32_BIT_CONVERSION = YES;
				GCC_WARN_ABOUT_RETURN_TYPE = YES_ERROR;
				GCC_WARN_UNDECLARED_SELECTOR = YES;
				GCC_WARN_UNINITIALIZED_AUTOS = YES_AGGRESSIVE;
				GCC_WARN_UNUSED_FUNCTION = YES;
				GCC_WARN_UNUSED_VARIABLE = YES;
				IPHONEOS_DEPLOYMENT_TARGET = 11.0;
				MTL_ENABLE_DEBUG_INFO = INCLUDE_SOURCE;
				MTL_FAST_MATH = YES;
				ONLY_ACTIVE_ARCH = YES;
				SDKROOT = iphoneos;
				SWIFT_ACTIVE_COMPILATION_CONDITIONS = DEBUG;
				SWIFT_OPTIMIZATION_LEVEL = "-Onone";
			};
			name = Debug;
		};
		E8E0E1BF2635CDF50078729A /* Release */ = {
			isa = XCBuildConfiguration;
			buildSettings = {
				ALWAYS_SEARCH_USER_PATHS = NO;
				CLANG_ANALYZER_NONNULL = YES;
				CLANG_ANALYZER_NUMBER_OBJECT_CONVERSION = YES_AGGRESSIVE;
				CLANG_CXX_LANGUAGE_STANDARD = "gnu++14";
				CLANG_CXX_LIBRARY = "libc++";
				CLANG_ENABLE_MODULES = YES;
				CLANG_ENABLE_OBJC_ARC = YES;
				CLANG_ENABLE_OBJC_WEAK = YES;
				CLANG_WARN_BLOCK_CAPTURE_AUTORELEASING = YES;
				CLANG_WARN_BOOL_CONVERSION = YES;
				CLANG_WARN_COMMA = YES;
				CLANG_WARN_CONSTANT_CONVERSION = YES;
				CLANG_WARN_DEPRECATED_OBJC_IMPLEMENTATIONS = YES;
				CLANG_WARN_DIRECT_OBJC_ISA_USAGE = YES_ERROR;
				CLANG_WARN_DOCUMENTATION_COMMENTS = YES;
				CLANG_WARN_EMPTY_BODY = YES;
				CLANG_WARN_ENUM_CONVERSION = YES;
				CLANG_WARN_INFINITE_RECURSION = YES;
				CLANG_WARN_INT_CONVERSION = YES;
				CLANG_WARN_NON_LITERAL_NULL_CONVERSION = YES;
				CLANG_WARN_OBJC_IMPLICIT_RETAIN_SELF = YES;
				CLANG_WARN_OBJC_LITERAL_CONVERSION = YES;
				CLANG_WARN_OBJC_ROOT_CLASS = YES_ERROR;
				CLANG_WARN_QUOTED_INCLUDE_IN_FRAMEWORK_HEADER = YES;
				CLANG_WARN_RANGE_LOOP_ANALYSIS = YES;
				CLANG_WARN_STRICT_PROTOTYPES = YES;
				CLANG_WARN_SUSPICIOUS_MOVE = YES;
				CLANG_WARN_UNGUARDED_AVAILABILITY = YES_AGGRESSIVE;
				CLANG_WARN_UNREACHABLE_CODE = YES;
				CLANG_WARN__DUPLICATE_METHOD_MATCH = YES;
				COPY_PHASE_STRIP = NO;
				DEBUG_INFORMATION_FORMAT = "dwarf-with-dsym";
				ENABLE_NS_ASSERTIONS = NO;
				ENABLE_STRICT_OBJC_MSGSEND = YES;
				GCC_C_LANGUAGE_STANDARD = gnu11;
				GCC_NO_COMMON_BLOCKS = YES;
				GCC_WARN_64_TO_32_BIT_CONVERSION = YES;
				GCC_WARN_ABOUT_RETURN_TYPE = YES_ERROR;
				GCC_WARN_UNDECLARED_SELECTOR = YES;
				GCC_WARN_UNINITIALIZED_AUTOS = YES_AGGRESSIVE;
				GCC_WARN_UNUSED_FUNCTION = YES;
				GCC_WARN_UNUSED_VARIABLE = YES;
				IPHONEOS_DEPLOYMENT_TARGET = 11.0;
				MTL_ENABLE_DEBUG_INFO = NO;
				MTL_FAST_MATH = YES;
				SDKROOT = iphoneos;
				SWIFT_COMPILATION_MODE = wholemodule;
				SWIFT_OPTIMIZATION_LEVEL = "-O";
				VALIDATE_PRODUCT = YES;
			};
			name = Release;
		};
		E8E0E1C12635CDF50078729A /* Debug */ = {
			isa = XCBuildConfiguration;
			baseConfigurationReference = D419A799D4E410CD98BC8B4D /* Pods-MetroNewsTask.debug.xcconfig */;
			buildSettings = {
				ASSETCATALOG_COMPILER_APPICON_NAME = AppIcon;
				ASSETCATALOG_COMPILER_GLOBAL_ACCENT_COLOR_NAME = AccentColor;
				CODE_SIGN_STYLE = Automatic;
				DEVELOPMENT_TEAM = AC7SNZV8BM;
				INFOPLIST_FILE = "MetroNewsTask/Supporting Files/Resources/Info.plist";
				IPHONEOS_DEPLOYMENT_TARGET = 11.0;
				LD_RUNPATH_SEARCH_PATHS = (
					"$(inherited)",
					"@executable_path/Frameworks",
				);
				PRODUCT_BUNDLE_IDENTIFIER = com.rkhodukin.MetroNewsTask;
				PRODUCT_NAME = "$(TARGET_NAME)";
				SWIFT_VERSION = 5.0;
				TARGETED_DEVICE_FAMILY = 1;
			};
			name = Debug;
		};
		E8E0E1C22635CDF50078729A /* Release */ = {
			isa = XCBuildConfiguration;
			baseConfigurationReference = E0062F20D22C361B897A0C41 /* Pods-MetroNewsTask.release.xcconfig */;
			buildSettings = {
				ASSETCATALOG_COMPILER_APPICON_NAME = AppIcon;
				ASSETCATALOG_COMPILER_GLOBAL_ACCENT_COLOR_NAME = AccentColor;
				CODE_SIGN_STYLE = Automatic;
				DEVELOPMENT_TEAM = AC7SNZV8BM;
				INFOPLIST_FILE = "MetroNewsTask/Supporting Files/Resources/Info.plist";
				IPHONEOS_DEPLOYMENT_TARGET = 11.0;
				LD_RUNPATH_SEARCH_PATHS = (
					"$(inherited)",
					"@executable_path/Frameworks",
				);
				PRODUCT_BUNDLE_IDENTIFIER = com.rkhodukin.MetroNewsTask;
				PRODUCT_NAME = "$(TARGET_NAME)";
				SWIFT_VERSION = 5.0;
				TARGETED_DEVICE_FAMILY = 1;
			};
			name = Release;
		};
/* End XCBuildConfiguration section */

/* Begin XCConfigurationList section */
		E8E0E1A72635CDF40078729A /* Build configuration list for PBXProject "MetroNewsTask" */ = {
			isa = XCConfigurationList;
			buildConfigurations = (
				E8E0E1BE2635CDF50078729A /* Debug */,
				E8E0E1BF2635CDF50078729A /* Release */,
			);
			defaultConfigurationIsVisible = 0;
			defaultConfigurationName = Release;
		};
		E8E0E1C02635CDF50078729A /* Build configuration list for PBXNativeTarget "MetroNewsTask" */ = {
			isa = XCConfigurationList;
			buildConfigurations = (
				E8E0E1C12635CDF50078729A /* Debug */,
				E8E0E1C22635CDF50078729A /* Release */,
			);
			defaultConfigurationIsVisible = 0;
			defaultConfigurationName = Release;
		};
/* End XCConfigurationList section */
	};
	rootObject = E8E0E1A42635CDF40078729A /* Project object */;
}
